
Microsoft Visual Studio Solution File, Format Version 12.00
# Visual Studio 15
VisualStudioVersion = 15.0.28307.1433
MinimumVisualStudioVersion = 10.0.40219.1
Project("{FAE04EC0-301F-11D3-BF4B-00C04F79EFBC}") = "ConsoleReciver", "ConsoleReciver\ConsoleReciver.csproj", "{EF8AB91B-8A21-4365-9056-075FB4FB643C}"
EndProject
Global
	GlobalSection(SolutionConfigurationPlatforms) = preSolution
		Debug|Any CPU = Debug|Any CPU
		Release|Any CPU = Release|Any CPU
	EndGlobalSection
	GlobalSection(ProjectConfigurationPlatforms) = postSolution
		{EF8AB91B-8A21-4365-9056-075FB4FB643C}.Debug|Any CPU.ActiveCfg = Debug|Any CPU
		{EF8AB91B-8A21-4365-9056-075FB4FB643C}.Debug|Any CPU.Build.0 = Debug|Any CPU
		{EF8AB91B-8A21-4365-9056-075FB4FB643C}.Release|Any CPU.ActiveCfg = Release|Any CPU
		{EF8AB91B-8A21-4365-9056-075FB4FB643C}.Release|Any CPU.Build.0 = Release|Any CPU
	EndGlobalSection
	GlobalSection(SolutionProperties) = preSolution
		HideSolutionNode = FALSE
	EndGlobalSection
	GlobalSection(ExtensibilityGlobals) = postSolution
		SolutionGuid = {15489E67-30FD-45DD-9883-6A55E6D4FAE3}
	EndGlobalSection
EndGlobal
